// !$*UTF8*$!
{
	archiveVersion = 1;
	classes = {
	};
	objectVersion = 51;
	objects = {

/* Begin PBXBuildFile section */
		0D00E88826F2A93900F7EE2D /* GoogleClientID.swift in Sources */ = {isa = PBXBuildFile; fileRef = 0D00E88726F2A93900F7EE2D /* GoogleClientID.swift */; };
		0D00E88A26F2AB6300F7EE2D /* credentials.plist in Resources */ = {isa = PBXBuildFile; fileRef = 0D00E88926F2AB6300F7EE2D /* credentials.plist */; };
		0D17B44E26E1DC47003CC29D /* CalendarButton.swift in Sources */ = {isa = PBXBuildFile; fileRef = 0D17B44D26E1DC47003CC29D /* CalendarButton.swift */; };
		0D17B45026E282C5003CC29D /* BorderlessTextField.swift in Sources */ = {isa = PBXBuildFile; fileRef = 0D17B44F26E282C5003CC29D /* BorderlessTextField.swift */; };
		0D17B45326E28683003CC29D /* BorderedStackView.swift in Sources */ = {isa = PBXBuildFile; fileRef = 0D17B45226E28683003CC29D /* BorderedStackView.swift */; };
		0D17B45526E2953D003CC29D /* calendar.svg in Resources */ = {isa = PBXBuildFile; fileRef = 0D17B45426E2953D003CC29D /* calendar.svg */; };
		0D299F2B26CC3EA400A5CE31 /* ChecklistModalViewController.swift in Sources */ = {isa = PBXBuildFile; fileRef = 0D299F2A26CC3EA400A5CE31 /* ChecklistModalViewController.swift */; };
		0D299F2D26CC40C200A5CE31 /* grey.jpeg in Resources */ = {isa = PBXBuildFile; fileRef = 0D299F2C26CC40C200A5CE31 /* grey.jpeg */; };
		0D299F2F26CC55D500A5CE31 /* CheckListItemTableViewCell.swift in Sources */ = {isa = PBXBuildFile; fileRef = 0D299F2E26CC55D500A5CE31 /* CheckListItemTableViewCell.swift */; };
		0D5A963026B2072700CD5707 /* User.swift in Sources */ = {isa = PBXBuildFile; fileRef = 0D5A962F26B2072700CD5707 /* User.swift */; };
		0D5A963226B2121900CD5707 /* UserController.swift in Sources */ = {isa = PBXBuildFile; fileRef = 0D5A963126B2121900CD5707 /* UserController.swift */; };
		0D5A963426B215E900CD5707 /* UserError.swift in Sources */ = {isa = PBXBuildFile; fileRef = 0D5A963326B215E900CD5707 /* UserError.swift */; };
		0D5A963726B2287000CD5707 /* AuthViewController.swift in Sources */ = {isa = PBXBuildFile; fileRef = 0D5A963626B2287000CD5707 /* AuthViewController.swift */; };
		0D60FCC926B34D2500F75732 /* AuthViewModel.swift in Sources */ = {isa = PBXBuildFile; fileRef = 0D60FCC826B34D2500F75732 /* AuthViewModel.swift */; };
		0D7D498526B86B34006218D8 /* SettingsViewController.swift in Sources */ = {isa = PBXBuildFile; fileRef = 0D7D498426B86B34006218D8 /* SettingsViewController.swift */; };
		0DA23CDD26DD60C6008F0B56 /* sortByTableViewCell.swift in Sources */ = {isa = PBXBuildFile; fileRef = 0DA23CDC26DD60C6008F0B56 /* sortByTableViewCell.swift */; };
		0DA6676126E7DAD6007E1977 /* LandingPageViewController.swift in Sources */ = {isa = PBXBuildFile; fileRef = 0DA6676026E7DAD6007E1977 /* LandingPageViewController.swift */; };
		0DA6676326E7DAE7007E1977 /* SignInViewController.swift in Sources */ = {isa = PBXBuildFile; fileRef = 0DA6676226E7DAE7007E1977 /* SignInViewController.swift */; };
		0DA6676526E7DAFE007E1977 /* RegisterViewController.swift in Sources */ = {isa = PBXBuildFile; fileRef = 0DA6676426E7DAFE007E1977 /* RegisterViewController.swift */; };
		0DA6676826E88202007E1977 /* QueuePlayerUIView.swift in Sources */ = {isa = PBXBuildFile; fileRef = 0DA6676726E88202007E1977 /* QueuePlayerUIView.swift */; };
		0DC34EBD26DD885900F65AE1 /* MapPinButton.swift in Sources */ = {isa = PBXBuildFile; fileRef = 0DC34EBC26DD885900F65AE1 /* MapPinButton.swift */; };
		0DC7B32D26FB969B00351CBF /* VacayVideo.mp4 in Resources */ = {isa = PBXBuildFile; fileRef = 0DC7B32C26FB962000351CBF /* VacayVideo.mp4 */; };
		0DD51B2A26FE831B00CEC114 /* PlaceholderItineraryTableViewCell.swift in Sources */ = {isa = PBXBuildFile; fileRef = 0DD51B2926FE831B00CEC114 /* PlaceholderItineraryTableViewCell.swift */; };
		0DD51B2C26FEA79C00CEC114 /* arrow3.json in Resources */ = {isa = PBXBuildFile; fileRef = 0DD51B2B26FEA79C00CEC114 /* arrow3.json */; };
		0DD51B2E26FEA7A700CEC114 /* arrow2.json in Resources */ = {isa = PBXBuildFile; fileRef = 0DD51B2D26FEA7A700CEC114 /* arrow2.json */; };
		0DD51B3026FEA7B400CEC114 /* arrow.json in Resources */ = {isa = PBXBuildFile; fileRef = 0DD51B2F26FEA7B400CEC114 /* arrow.json */; };
		0DD51B3226FEA92D00CEC114 /* plane2.json in Resources */ = {isa = PBXBuildFile; fileRef = 0DD51B3126FEA92D00CEC114 /* plane2.json */; };
		0DD51B3426FEAD1D00CEC114 /* plane5.json in Resources */ = {isa = PBXBuildFile; fileRef = 0DD51B3326FEAD1D00CEC114 /* plane5.json */; };
		0DD51B3626FEAD2300CEC114 /* plane4.json in Resources */ = {isa = PBXBuildFile; fileRef = 0DD51B3526FEAD2300CEC114 /* plane4.json */; };
		0DE5463826E6BDCF006C1904 /* plane1.json in Resources */ = {isa = PBXBuildFile; fileRef = 0DE5463726E6BDCF006C1904 /* plane1.json */; };
		9B1C572726648E2200CAAF0B /* TripQuestionnairePartTwoViewController.swift in Sources */ = {isa = PBXBuildFile; fileRef = 9B1C572626648E2200CAAF0B /* TripQuestionnairePartTwoViewController.swift */; };
		9B324800267DD85600C16040 /* ItineraryDetailViewController.swift in Sources */ = {isa = PBXBuildFile; fileRef = 9B3247FF267DD85600C16040 /* ItineraryDetailViewController.swift */; };
		9B335CB5265F3EF700FC202B /* UserFeedViewController.swift in Sources */ = {isa = PBXBuildFile; fileRef = 9B335CB4265F3EF700FC202B /* UserFeedViewController.swift */; };
		9B335CE5265F476800FC202B /* GoogleService-Info.plist in Resources */ = {isa = PBXBuildFile; fileRef = 9B335CE4265F476800FC202B /* GoogleService-Info.plist */; };
		9B335CEA265F493400FC202B /* ItineraryController.swift in Sources */ = {isa = PBXBuildFile; fileRef = 9B335CE9265F493400FC202B /* ItineraryController.swift */; };
		9B335CED2660193300FC202B /* MediaSelectorViewController.swift in Sources */ = {isa = PBXBuildFile; fileRef = 9B335CEC2660193300FC202B /* MediaSelectorViewController.swift */; };
		9B335CF32660546C00FC202B /* ErrorAlert.swift in Sources */ = {isa = PBXBuildFile; fileRef = 9B335CF22660546B00FC202B /* ErrorAlert.swift */; };
		9B335CF626605E4400FC202B /* TripQuestionnairePartOneViewController.swift in Sources */ = {isa = PBXBuildFile; fileRef = 9B335CF526605E4400FC202B /* TripQuestionnairePartOneViewController.swift */; };
		9B4B68EB26D8456F00B2D8AE /* Styleguide.swift in Sources */ = {isa = PBXBuildFile; fileRef = 9B4B68EA26D8456F00B2D8AE /* Styleguide.swift */; };
		9B4B68EF26D85F1600B2D8AE /* TextField.swift in Sources */ = {isa = PBXBuildFile; fileRef = 9B4B68EE26D85F1500B2D8AE /* TextField.swift */; };
		9B4D9B8926DD696F0055B7CF /* HeaderLabel.swift in Sources */ = {isa = PBXBuildFile; fileRef = 9B4D9B8826DD696F0055B7CF /* HeaderLabel.swift */; };
		9B4D9B8C26DD69A70055B7CF /* AccentView.swift in Sources */ = {isa = PBXBuildFile; fileRef = 9B4D9B8B26DD69A70055B7CF /* AccentView.swift */; };
		9B4D9B8E26DD99DA0055B7CF /* LeftAlignedQuestionnaireLabel.swift in Sources */ = {isa = PBXBuildFile; fileRef = 9B4D9B8D26DD99DA0055B7CF /* LeftAlignedQuestionnaireLabel.swift */; };
		9B4EE8A6266E0C9E007EB937 /* ActivitiesLocationSearchTableViewController.swift in Sources */ = {isa = PBXBuildFile; fileRef = 9B4EE8A5266E0C9E007EB937 /* ActivitiesLocationSearchTableViewController.swift */; };
		9B4EE8A9266E0CB8007EB937 /* ActivitiesLocationManagerViewController.swift in Sources */ = {isa = PBXBuildFile; fileRef = 9B4EE8A8266E0CB8007EB937 /* ActivitiesLocationManagerViewController.swift */; };
		9B4EE8C0266FFA6E007EB937 /* ItineraryTableViewCell.swift in Sources */ = {isa = PBXBuildFile; fileRef = 9B4EE8BF266FFA6D007EB937 /* ItineraryTableViewCell.swift */; };
		9B543C05265F309500F5353A /* AppDelegate.swift in Sources */ = {isa = PBXBuildFile; fileRef = 9B543C04265F309500F5353A /* AppDelegate.swift */; };
		9B543C07265F309500F5353A /* SceneDelegate.swift in Sources */ = {isa = PBXBuildFile; fileRef = 9B543C06265F309500F5353A /* SceneDelegate.swift */; };
		9B543C0C265F309500F5353A /* Main.storyboard in Resources */ = {isa = PBXBuildFile; fileRef = 9B543C0A265F309500F5353A /* Main.storyboard */; };
		9B543C0E265F309800F5353A /* Assets.xcassets in Resources */ = {isa = PBXBuildFile; fileRef = 9B543C0D265F309800F5353A /* Assets.xcassets */; };
		9B543C11265F309800F5353A /* LaunchScreen.storyboard in Resources */ = {isa = PBXBuildFile; fileRef = 9B543C0F265F309800F5353A /* LaunchScreen.storyboard */; };
		9B543C6F265F35AD00F5353A /* DestinationLocationManagerViewController.swift in Sources */ = {isa = PBXBuildFile; fileRef = 9B543C6E265F35AD00F5353A /* DestinationLocationManagerViewController.swift */; };
		9B543C72265F35CA00F5353A /* DestinationLocationSearchTableViewController.swift in Sources */ = {isa = PBXBuildFile; fileRef = 9B543C71265F35CA00F5353A /* DestinationLocationSearchTableViewController.swift */; };
		9B57D10A26E816F2004A15B5 /* SecondaryButton.swift in Sources */ = {isa = PBXBuildFile; fileRef = 9B57D10926E816F2004A15B5 /* SecondaryButton.swift */; };
		9B5BCEA726DB0064007A9647 /* CenterAlignedQuestionnaireLabel.swift in Sources */ = {isa = PBXBuildFile; fileRef = 9B5BCEA626DB0064007A9647 /* CenterAlignedQuestionnaireLabel.swift */; };
		9B5BCEAB26DB47F4007A9647 /* PrimaryButton.swift in Sources */ = {isa = PBXBuildFile; fileRef = 9B5BCEAA26DB47F4007A9647 /* PrimaryButton.swift */; };
		9B609E2F26F3DE61005748A5 /* KeyboardExtension.swift in Sources */ = {isa = PBXBuildFile; fileRef = 9B609E2E26F3DE61005748A5 /* KeyboardExtension.swift */; };
		9B83332A26673108008EB6E9 /* Itinerary.swift in Sources */ = {isa = PBXBuildFile; fileRef = 9B83332926673108008EB6E9 /* Itinerary.swift */; };
		9B9E066726E5E52700B03503 /* plane.json in Resources */ = {isa = PBXBuildFile; fileRef = 9B9E066626E5E52600B03503 /* plane.json */; };
		9BB77709266A92BE008D3645 /* TripCalendarViewController.swift in Sources */ = {isa = PBXBuildFile; fileRef = 9BB77708266A92BE008D3645 /* TripCalendarViewController.swift */; };
		9BB77710266ADB04008D3645 /* DateExtension.swift in Sources */ = {isa = PBXBuildFile; fileRef = 9BB7770F266ADB03008D3645 /* DateExtension.swift */; };
		9BB77715266B3A5F008D3645 /* FlightArrivalCalendarViewController.swift in Sources */ = {isa = PBXBuildFile; fileRef = 9BB77714266B3A5F008D3645 /* FlightArrivalCalendarViewController.swift */; };
		9BB77719266B3A7E008D3645 /* FlightDepartureCalendarViewController.swift in Sources */ = {isa = PBXBuildFile; fileRef = 9BB77718266B3A7E008D3645 /* FlightDepartureCalendarViewController.swift */; };
		9BB77721266C1ECE008D3645 /* Protocols.swift in Sources */ = {isa = PBXBuildFile; fileRef = 9BB77720266C1ECE008D3645 /* Protocols.swift */; };
		9BB77724266DDFE1008D3645 /* HotelAirbnbLocationManagerViewController.swift in Sources */ = {isa = PBXBuildFile; fileRef = 9BB77723266DDFE1008D3645 /* HotelAirbnbLocationManagerViewController.swift */; };
		9BB77727266DE8C4008D3645 /* HotelAirbnbLocationSearchTableViewController.swift in Sources */ = {isa = PBXBuildFile; fileRef = 9BB77726266DE8C4008D3645 /* HotelAirbnbLocationSearchTableViewController.swift */; };
		9BE03A832672DF1E00D97F76 /* ItineraryMapPinsLocationManagerViewController.swift in Sources */ = {isa = PBXBuildFile; fileRef = 9BE03A822672DF1E00D97F76 /* ItineraryMapPinsLocationManagerViewController.swift */; };
		9BE03A862672DF4000D97F76 /* ItineraryMapPinsLocationSearchTableViewController.swift in Sources */ = {isa = PBXBuildFile; fileRef = 9BE03A852672DF4000D97F76 /* ItineraryMapPinsLocationSearchTableViewController.swift */; };
		9BE480EF266169800079DDBF /* TripQuestionnairePartThreeViewController.swift in Sources */ = {isa = PBXBuildFile; fileRef = 9BE480EE266169800079DDBF /* TripQuestionnairePartThreeViewController.swift */; };
		9BEFE51926A79012003DDD1D /* dayActivitiesTableViewCell.swift in Sources */ = {isa = PBXBuildFile; fileRef = 9BEFE51826A79012003DDD1D /* dayActivitiesTableViewCell.swift */; };
		ACA12B8517444B84A45DE486 /* Pods_Va_cay.framework in Frameworks */ = {isa = PBXBuildFile; fileRef = AB285C014851D2EAB74F7F04 /* Pods_Va_cay.framework */; };
/* End PBXBuildFile section */

/* Begin PBXFileReference section */
		0D00E88726F2A93900F7EE2D /* GoogleClientID.swift */ = {isa = PBXFileReference; lastKnownFileType = sourcecode.swift; path = GoogleClientID.swift; sourceTree = "<group>"; };
		0D00E88926F2AB6300F7EE2D /* credentials.plist */ = {isa = PBXFileReference; fileEncoding = 4; lastKnownFileType = text.plist.xml; path = credentials.plist; sourceTree = "<group>"; };
		0D17B44D26E1DC47003CC29D /* CalendarButton.swift */ = {isa = PBXFileReference; lastKnownFileType = sourcecode.swift; path = CalendarButton.swift; sourceTree = "<group>"; };
		0D17B44F26E282C5003CC29D /* BorderlessTextField.swift */ = {isa = PBXFileReference; lastKnownFileType = sourcecode.swift; path = BorderlessTextField.swift; sourceTree = "<group>"; };
		0D17B45226E28683003CC29D /* BorderedStackView.swift */ = {isa = PBXFileReference; lastKnownFileType = sourcecode.swift; path = BorderedStackView.swift; sourceTree = "<group>"; };
		0D17B45426E2953D003CC29D /* calendar.svg */ = {isa = PBXFileReference; fileEncoding = 4; lastKnownFileType = text; path = calendar.svg; sourceTree = "<group>"; };
		0D299F2A26CC3EA400A5CE31 /* ChecklistModalViewController.swift */ = {isa = PBXFileReference; lastKnownFileType = sourcecode.swift; path = ChecklistModalViewController.swift; sourceTree = "<group>"; };
		0D299F2C26CC40C200A5CE31 /* grey.jpeg */ = {isa = PBXFileReference; lastKnownFileType = image.jpeg; path = grey.jpeg; sourceTree = "<group>"; };
		0D299F2E26CC55D500A5CE31 /* CheckListItemTableViewCell.swift */ = {isa = PBXFileReference; lastKnownFileType = sourcecode.swift; path = CheckListItemTableViewCell.swift; sourceTree = "<group>"; };
		0D5A962F26B2072700CD5707 /* User.swift */ = {isa = PBXFileReference; lastKnownFileType = sourcecode.swift; path = User.swift; sourceTree = "<group>"; };
		0D5A963126B2121900CD5707 /* UserController.swift */ = {isa = PBXFileReference; lastKnownFileType = sourcecode.swift; path = UserController.swift; sourceTree = "<group>"; };
		0D5A963326B215E900CD5707 /* UserError.swift */ = {isa = PBXFileReference; lastKnownFileType = sourcecode.swift; path = UserError.swift; sourceTree = "<group>"; };
		0D5A963626B2287000CD5707 /* AuthViewController.swift */ = {isa = PBXFileReference; lastKnownFileType = sourcecode.swift; path = AuthViewController.swift; sourceTree = "<group>"; };
		0D60FCC826B34D2500F75732 /* AuthViewModel.swift */ = {isa = PBXFileReference; lastKnownFileType = sourcecode.swift; path = AuthViewModel.swift; sourceTree = "<group>"; };
		0D7D498426B86B34006218D8 /* SettingsViewController.swift */ = {isa = PBXFileReference; lastKnownFileType = sourcecode.swift; path = SettingsViewController.swift; sourceTree = "<group>"; };
		0DA23CDC26DD60C6008F0B56 /* sortByTableViewCell.swift */ = {isa = PBXFileReference; lastKnownFileType = sourcecode.swift; path = sortByTableViewCell.swift; sourceTree = "<group>"; };
		0DA6676026E7DAD6007E1977 /* LandingPageViewController.swift */ = {isa = PBXFileReference; lastKnownFileType = sourcecode.swift; path = LandingPageViewController.swift; sourceTree = "<group>"; };
		0DA6676226E7DAE7007E1977 /* SignInViewController.swift */ = {isa = PBXFileReference; lastKnownFileType = sourcecode.swift; path = SignInViewController.swift; sourceTree = "<group>"; };
		0DA6676426E7DAFE007E1977 /* RegisterViewController.swift */ = {isa = PBXFileReference; lastKnownFileType = sourcecode.swift; path = RegisterViewController.swift; sourceTree = "<group>"; };
		0DA6676726E88202007E1977 /* QueuePlayerUIView.swift */ = {isa = PBXFileReference; lastKnownFileType = sourcecode.swift; path = QueuePlayerUIView.swift; sourceTree = "<group>"; };
		0DC34EBC26DD885900F65AE1 /* MapPinButton.swift */ = {isa = PBXFileReference; lastKnownFileType = sourcecode.swift; path = MapPinButton.swift; sourceTree = "<group>"; };
		0DC7B32C26FB962000351CBF /* VacayVideo.mp4 */ = {isa = PBXFileReference; lastKnownFileType = file; path = VacayVideo.mp4; sourceTree = "<group>"; };
		0DD51B2926FE831B00CEC114 /* PlaceholderItineraryTableViewCell.swift */ = {isa = PBXFileReference; lastKnownFileType = sourcecode.swift; path = PlaceholderItineraryTableViewCell.swift; sourceTree = "<group>"; };
		0DD51B2B26FEA79C00CEC114 /* arrow3.json */ = {isa = PBXFileReference; fileEncoding = 4; lastKnownFileType = text.json; path = arrow3.json; sourceTree = "<group>"; };
		0DD51B2D26FEA7A700CEC114 /* arrow2.json */ = {isa = PBXFileReference; fileEncoding = 4; lastKnownFileType = text.json; path = arrow2.json; sourceTree = "<group>"; };
		0DD51B2F26FEA7B400CEC114 /* arrow.json */ = {isa = PBXFileReference; fileEncoding = 4; lastKnownFileType = text.json; path = arrow.json; sourceTree = "<group>"; };
		0DD51B3126FEA92D00CEC114 /* plane2.json */ = {isa = PBXFileReference; fileEncoding = 4; lastKnownFileType = text.json; path = plane2.json; sourceTree = "<group>"; };
		0DD51B3326FEAD1D00CEC114 /* plane5.json */ = {isa = PBXFileReference; fileEncoding = 4; lastKnownFileType = text.json; path = plane5.json; sourceTree = "<group>"; };
		0DD51B3526FEAD2300CEC114 /* plane4.json */ = {isa = PBXFileReference; fileEncoding = 4; lastKnownFileType = text.json; path = plane4.json; sourceTree = "<group>"; };
		0DE5463726E6BDCF006C1904 /* plane1.json */ = {isa = PBXFileReference; fileEncoding = 4; lastKnownFileType = text.json; path = plane1.json; sourceTree = "<group>"; };
		3C09D0DA00AB72E7B7BE8816 /* Pods-Va-cay.release.xcconfig */ = {isa = PBXFileReference; includeInIndex = 1; lastKnownFileType = text.xcconfig; name = "Pods-Va-cay.release.xcconfig"; path = "Target Support Files/Pods-Va-cay/Pods-Va-cay.release.xcconfig"; sourceTree = "<group>"; };
		6069CC11B0A1A056484520BE /* Pods-Va-cay.debug.xcconfig */ = {isa = PBXFileReference; includeInIndex = 1; lastKnownFileType = text.xcconfig; name = "Pods-Va-cay.debug.xcconfig"; path = "Target Support Files/Pods-Va-cay/Pods-Va-cay.debug.xcconfig"; sourceTree = "<group>"; };
		9B1C572626648E2200CAAF0B /* TripQuestionnairePartTwoViewController.swift */ = {isa = PBXFileReference; lastKnownFileType = sourcecode.swift; path = TripQuestionnairePartTwoViewController.swift; sourceTree = "<group>"; };
		9B3247FF267DD85600C16040 /* ItineraryDetailViewController.swift */ = {isa = PBXFileReference; lastKnownFileType = sourcecode.swift; path = ItineraryDetailViewController.swift; sourceTree = "<group>"; };
		9B335CB4265F3EF700FC202B /* UserFeedViewController.swift */ = {isa = PBXFileReference; lastKnownFileType = sourcecode.swift; path = UserFeedViewController.swift; sourceTree = "<group>"; };
		9B335CE4265F476800FC202B /* GoogleService-Info.plist */ = {isa = PBXFileReference; fileEncoding = 4; lastKnownFileType = text.plist.xml; name = "GoogleService-Info.plist"; path = "../../GoogleService-Info.plist"; sourceTree = "<group>"; };
		9B335CE9265F493400FC202B /* ItineraryController.swift */ = {isa = PBXFileReference; lastKnownFileType = sourcecode.swift; path = ItineraryController.swift; sourceTree = "<group>"; };
		9B335CEC2660193300FC202B /* MediaSelectorViewController.swift */ = {isa = PBXFileReference; lastKnownFileType = sourcecode.swift; path = MediaSelectorViewController.swift; sourceTree = "<group>"; };
		9B335CF22660546B00FC202B /* ErrorAlert.swift */ = {isa = PBXFileReference; lastKnownFileType = sourcecode.swift; path = ErrorAlert.swift; sourceTree = "<group>"; };
		9B335CF526605E4400FC202B /* TripQuestionnairePartOneViewController.swift */ = {isa = PBXFileReference; lastKnownFileType = sourcecode.swift; name = TripQuestionnairePartOneViewController.swift; path = "Va-cay/Controllers/View Controllers/Part 1 Questionnaire/TripQuestionnairePartOneViewController.swift"; sourceTree = SOURCE_ROOT; };
		9B4B68EA26D8456F00B2D8AE /* Styleguide.swift */ = {isa = PBXFileReference; lastKnownFileType = sourcecode.swift; path = Styleguide.swift; sourceTree = "<group>"; };
		9B4B68EE26D85F1500B2D8AE /* TextField.swift */ = {isa = PBXFileReference; lastKnownFileType = sourcecode.swift; path = TextField.swift; sourceTree = "<group>"; };
		9B4D9B8826DD696F0055B7CF /* HeaderLabel.swift */ = {isa = PBXFileReference; lastKnownFileType = sourcecode.swift; path = HeaderLabel.swift; sourceTree = "<group>"; };
		9B4D9B8B26DD69A70055B7CF /* AccentView.swift */ = {isa = PBXFileReference; lastKnownFileType = sourcecode.swift; path = AccentView.swift; sourceTree = "<group>"; };
		9B4D9B8D26DD99DA0055B7CF /* LeftAlignedQuestionnaireLabel.swift */ = {isa = PBXFileReference; lastKnownFileType = sourcecode.swift; path = LeftAlignedQuestionnaireLabel.swift; sourceTree = "<group>"; };
		9B4EE8A5266E0C9E007EB937 /* ActivitiesLocationSearchTableViewController.swift */ = {isa = PBXFileReference; lastKnownFileType = sourcecode.swift; path = ActivitiesLocationSearchTableViewController.swift; sourceTree = "<group>"; };
		9B4EE8A8266E0CB8007EB937 /* ActivitiesLocationManagerViewController.swift */ = {isa = PBXFileReference; lastKnownFileType = sourcecode.swift; path = ActivitiesLocationManagerViewController.swift; sourceTree = "<group>"; };
		9B4EE8BF266FFA6D007EB937 /* ItineraryTableViewCell.swift */ = {isa = PBXFileReference; lastKnownFileType = sourcecode.swift; path = ItineraryTableViewCell.swift; sourceTree = "<group>"; };
		9B543C01265F309500F5353A /* Va-cay.app */ = {isa = PBXFileReference; explicitFileType = wrapper.application; includeInIndex = 0; path = "Va-cay.app"; sourceTree = BUILT_PRODUCTS_DIR; };
		9B543C04265F309500F5353A /* AppDelegate.swift */ = {isa = PBXFileReference; lastKnownFileType = sourcecode.swift; path = AppDelegate.swift; sourceTree = "<group>"; };
		9B543C06265F309500F5353A /* SceneDelegate.swift */ = {isa = PBXFileReference; lastKnownFileType = sourcecode.swift; name = SceneDelegate.swift; path = ../SceneDelegate.swift; sourceTree = "<group>"; };
		9B543C0B265F309500F5353A /* Base */ = {isa = PBXFileReference; lastKnownFileType = file.storyboard; name = Base; path = Base.lproj/Main.storyboard; sourceTree = "<group>"; };
		9B543C0D265F309800F5353A /* Assets.xcassets */ = {isa = PBXFileReference; lastKnownFileType = folder.assetcatalog; path = Assets.xcassets; sourceTree = "<group>"; };
		9B543C10265F309800F5353A /* Base */ = {isa = PBXFileReference; lastKnownFileType = file.storyboard; name = Base; path = Base.lproj/LaunchScreen.storyboard; sourceTree = "<group>"; };
		9B543C12265F309800F5353A /* Info.plist */ = {isa = PBXFileReference; lastKnownFileType = text.plist.xml; path = Info.plist; sourceTree = "<group>"; };
		9B543C6E265F35AD00F5353A /* DestinationLocationManagerViewController.swift */ = {isa = PBXFileReference; lastKnownFileType = sourcecode.swift; path = DestinationLocationManagerViewController.swift; sourceTree = "<group>"; };
		9B543C71265F35CA00F5353A /* DestinationLocationSearchTableViewController.swift */ = {isa = PBXFileReference; lastKnownFileType = sourcecode.swift; path = DestinationLocationSearchTableViewController.swift; sourceTree = "<group>"; };
		9B54D09D26EDC1A100FA2D48 /* FirebaseAnonymousAuthUI.bundle */ = {isa = PBXFileReference; explicitFileType = wrapper.cfbundle; path = FirebaseAnonymousAuthUI.bundle; sourceTree = BUILT_PRODUCTS_DIR; };
		9B54D09F26EDC1A700FA2D48 /* FirebaseAuthUI.bundle */ = {isa = PBXFileReference; explicitFileType = wrapper.cfbundle; path = FirebaseAuthUI.bundle; sourceTree = BUILT_PRODUCTS_DIR; };
		9B54D0A126EDC1B800FA2D48 /* FirebaseOAuthUI.bundle */ = {isa = PBXFileReference; explicitFileType = wrapper.cfbundle; path = FirebaseOAuthUI.bundle; sourceTree = BUILT_PRODUCTS_DIR; };
		9B57D10926E816F2004A15B5 /* SecondaryButton.swift */ = {isa = PBXFileReference; fileEncoding = 4; lastKnownFileType = sourcecode.swift; path = SecondaryButton.swift; sourceTree = "<group>"; };
		9B57D12E26EA98E6004A15B5 /* Va-cay.entitlements */ = {isa = PBXFileReference; lastKnownFileType = text.plist.entitlements; path = "Va-cay.entitlements"; sourceTree = "<group>"; };
		9B5BCEA626DB0064007A9647 /* CenterAlignedQuestionnaireLabel.swift */ = {isa = PBXFileReference; lastKnownFileType = sourcecode.swift; path = CenterAlignedQuestionnaireLabel.swift; sourceTree = "<group>"; };
		9B5BCEAA26DB47F4007A9647 /* PrimaryButton.swift */ = {isa = PBXFileReference; lastKnownFileType = sourcecode.swift; path = PrimaryButton.swift; sourceTree = "<group>"; };
		9B609E2E26F3DE61005748A5 /* KeyboardExtension.swift */ = {isa = PBXFileReference; lastKnownFileType = sourcecode.swift; path = KeyboardExtension.swift; sourceTree = "<group>"; };
		9B83332926673108008EB6E9 /* Itinerary.swift */ = {isa = PBXFileReference; lastKnownFileType = sourcecode.swift; path = Itinerary.swift; sourceTree = "<group>"; };
		9B9E066626E5E52600B03503 /* plane.json */ = {isa = PBXFileReference; fileEncoding = 4; lastKnownFileType = text.json; path = plane.json; sourceTree = "<group>"; };
		9BB77708266A92BE008D3645 /* TripCalendarViewController.swift */ = {isa = PBXFileReference; lastKnownFileType = sourcecode.swift; path = TripCalendarViewController.swift; sourceTree = "<group>"; };
		9BB7770F266ADB03008D3645 /* DateExtension.swift */ = {isa = PBXFileReference; lastKnownFileType = sourcecode.swift; path = DateExtension.swift; sourceTree = "<group>"; };
		9BB77714266B3A5F008D3645 /* FlightArrivalCalendarViewController.swift */ = {isa = PBXFileReference; lastKnownFileType = sourcecode.swift; path = FlightArrivalCalendarViewController.swift; sourceTree = "<group>"; };
		9BB77718266B3A7E008D3645 /* FlightDepartureCalendarViewController.swift */ = {isa = PBXFileReference; lastKnownFileType = sourcecode.swift; path = FlightDepartureCalendarViewController.swift; sourceTree = "<group>"; };
		9BB77720266C1ECE008D3645 /* Protocols.swift */ = {isa = PBXFileReference; lastKnownFileType = sourcecode.swift; path = Protocols.swift; sourceTree = "<group>"; };
		9BB77723266DDFE1008D3645 /* HotelAirbnbLocationManagerViewController.swift */ = {isa = PBXFileReference; lastKnownFileType = sourcecode.swift; path = HotelAirbnbLocationManagerViewController.swift; sourceTree = "<group>"; };
		9BB77726266DE8C4008D3645 /* HotelAirbnbLocationSearchTableViewController.swift */ = {isa = PBXFileReference; lastKnownFileType = sourcecode.swift; path = HotelAirbnbLocationSearchTableViewController.swift; sourceTree = "<group>"; };
		9BE03A822672DF1E00D97F76 /* ItineraryMapPinsLocationManagerViewController.swift */ = {isa = PBXFileReference; lastKnownFileType = sourcecode.swift; path = ItineraryMapPinsLocationManagerViewController.swift; sourceTree = "<group>"; };
		9BE03A852672DF4000D97F76 /* ItineraryMapPinsLocationSearchTableViewController.swift */ = {isa = PBXFileReference; lastKnownFileType = sourcecode.swift; path = ItineraryMapPinsLocationSearchTableViewController.swift; sourceTree = "<group>"; };
		9BE480EE266169800079DDBF /* TripQuestionnairePartThreeViewController.swift */ = {isa = PBXFileReference; lastKnownFileType = sourcecode.swift; path = TripQuestionnairePartThreeViewController.swift; sourceTree = "<group>"; };
		9BEFE51826A79012003DDD1D /* dayActivitiesTableViewCell.swift */ = {isa = PBXFileReference; lastKnownFileType = sourcecode.swift; path = dayActivitiesTableViewCell.swift; sourceTree = "<group>"; };
		AB285C014851D2EAB74F7F04 /* Pods_Va_cay.framework */ = {isa = PBXFileReference; explicitFileType = wrapper.framework; includeInIndex = 0; path = Pods_Va_cay.framework; sourceTree = BUILT_PRODUCTS_DIR; };
/* End PBXFileReference section */

/* Begin PBXFrameworksBuildPhase section */
		9B543BFE265F309500F5353A /* Frameworks */ = {
			isa = PBXFrameworksBuildPhase;
			buildActionMask = 2147483647;
			files = (
				ACA12B8517444B84A45DE486 /* Pods_Va_cay.framework in Frameworks */,
			);
			runOnlyForDeploymentPostprocessing = 0;
		};
/* End PBXFrameworksBuildPhase section */

/* Begin PBXGroup section */
		0D17B45126E28665003CC29D /* StackView */ = {
			isa = PBXGroup;
			children = (
				0D17B45226E28683003CC29D /* BorderedStackView.swift */,
			);
			path = StackView;
			sourceTree = "<group>";
		};
		0D5A963526B2284200CD5707 /* AuthVC */ = {
			isa = PBXGroup;
			children = (
				0D60FCC826B34D2500F75732 /* AuthViewModel.swift */,
				0D5A963626B2287000CD5707 /* AuthViewController.swift */,
				0DA6676026E7DAD6007E1977 /* LandingPageViewController.swift */,
				0DA6676226E7DAE7007E1977 /* SignInViewController.swift */,
				0DA6676426E7DAFE007E1977 /* RegisterViewController.swift */,
				0D7D498426B86B34006218D8 /* SettingsViewController.swift */,
			);
			path = AuthVC;
			sourceTree = "<group>";
		};
		17B2C1C64974520684F3AEA6 /* Frameworks */ = {
			isa = PBXGroup;
			children = (
				9B54D0A126EDC1B800FA2D48 /* FirebaseOAuthUI.bundle */,
				9B54D09F26EDC1A700FA2D48 /* FirebaseAuthUI.bundle */,
				9B54D09D26EDC1A100FA2D48 /* FirebaseAnonymousAuthUI.bundle */,
				AB285C014851D2EAB74F7F04 /* Pods_Va_cay.framework */,
			);
			name = Frameworks;
			sourceTree = "<group>";
		};
		75E90ACE43081336350E3197 /* Pods */ = {
			isa = PBXGroup;
			children = (
				6069CC11B0A1A056484520BE /* Pods-Va-cay.debug.xcconfig */,
				3C09D0DA00AB72E7B7BE8816 /* Pods-Va-cay.release.xcconfig */,
			);
			path = Pods;
			sourceTree = "<group>";
		};
		9B4B68E326D809F400B2D8AE /* Style Guide */ = {
			isa = PBXGroup;
			children = (
				9B4B68EA26D8456F00B2D8AE /* Styleguide.swift */,
				9B4B68E526D80B0A00B2D8AE /* Custom Elements */,
			);
			path = "Style Guide";
			sourceTree = "<group>";
		};
		9B4B68E526D80B0A00B2D8AE /* Custom Elements */ = {
			isa = PBXGroup;
			children = (
				0D17B45126E28665003CC29D /* StackView */,
				9B4D9B8A26DD699A0055B7CF /* Views */,
				9B4B68E926D80B6600B2D8AE /* Textfields */,
				9B4B68E826D80B6200B2D8AE /* Labels */,
				9B4B68E626D80B4900B2D8AE /* Buttons */,
			);
			path = "Custom Elements";
			sourceTree = "<group>";
		};
		9B4B68E626D80B4900B2D8AE /* Buttons */ = {
			isa = PBXGroup;
			children = (
				9B5BCEAA26DB47F4007A9647 /* PrimaryButton.swift */,
				9B57D10926E816F2004A15B5 /* SecondaryButton.swift */,
				0DC34EBC26DD885900F65AE1 /* MapPinButton.swift */,
				0D17B44D26E1DC47003CC29D /* CalendarButton.swift */,
			);
			path = Buttons;
			sourceTree = "<group>";
		};
		9B4B68E826D80B6200B2D8AE /* Labels */ = {
			isa = PBXGroup;
			children = (
				9B4D9B8826DD696F0055B7CF /* HeaderLabel.swift */,
				9B5BCEA626DB0064007A9647 /* CenterAlignedQuestionnaireLabel.swift */,
				9B4D9B8D26DD99DA0055B7CF /* LeftAlignedQuestionnaireLabel.swift */,
			);
			path = Labels;
			sourceTree = "<group>";
		};
		9B4B68E926D80B6600B2D8AE /* Textfields */ = {
			isa = PBXGroup;
			children = (
				9B4B68EE26D85F1500B2D8AE /* TextField.swift */,
				0D17B44F26E282C5003CC29D /* BorderlessTextField.swift */,
			);
			path = Textfields;
			sourceTree = "<group>";
		};
		9B4D9B8A26DD699A0055B7CF /* Views */ = {
			isa = PBXGroup;
			children = (
				9B4D9B8B26DD69A70055B7CF /* AccentView.swift */,
			);
			path = Views;
			sourceTree = "<group>";
		};
		9B4EE8AE266F30D4007EB937 /* MapVC */ = {
			isa = PBXGroup;
			children = (
				9B543C6E265F35AD00F5353A /* DestinationLocationManagerViewController.swift */,
				9B543C71265F35CA00F5353A /* DestinationLocationSearchTableViewController.swift */,
			);
			path = MapVC;
			sourceTree = "<group>";
		};
		9B4EE8B0266F30E5007EB937 /* MapVC */ = {
			isa = PBXGroup;
			children = (
				9BB77723266DDFE1008D3645 /* HotelAirbnbLocationManagerViewController.swift */,
				9BB77726266DE8C4008D3645 /* HotelAirbnbLocationSearchTableViewController.swift */,
			);
			path = MapVC;
			sourceTree = "<group>";
		};
		9B4EE8B2266F3107007EB937 /* MapVC */ = {
			isa = PBXGroup;
			children = (
				9B4EE8A8266E0CB8007EB937 /* ActivitiesLocationManagerViewController.swift */,
				9B4EE8A5266E0C9E007EB937 /* ActivitiesLocationSearchTableViewController.swift */,
			);
			path = MapVC;
			sourceTree = "<group>";
		};
		9B4EE8B6266F311A007EB937 /* CalendarVC */ = {
			isa = PBXGroup;
			children = (
				9BB77708266A92BE008D3645 /* TripCalendarViewController.swift */,
			);
			path = CalendarVC;
			sourceTree = "<group>";
		};
		9B4EE8BB266F3169007EB937 /* CalendarVC */ = {
			isa = PBXGroup;
			children = (
				9BB77714266B3A5F008D3645 /* FlightArrivalCalendarViewController.swift */,
				9BB77718266B3A7E008D3645 /* FlightDepartureCalendarViewController.swift */,
			);
			path = CalendarVC;
			sourceTree = "<group>";
		};
		9B4EE8BD266F3198007EB937 /* MediaVC */ = {
			isa = PBXGroup;
			children = (
				9B335CEC2660193300FC202B /* MediaSelectorViewController.swift */,
			);
			path = MediaVC;
			sourceTree = "<group>";
		};
		9B543BF8265F309500F5353A = {
			isa = PBXGroup;
			children = (
				9B543C03265F309500F5353A /* Va-cay */,
				9B543C02265F309500F5353A /* Products */,
				75E90ACE43081336350E3197 /* Pods */,
				17B2C1C64974520684F3AEA6 /* Frameworks */,
			);
			sourceTree = "<group>";
		};
		9B543C02265F309500F5353A /* Products */ = {
			isa = PBXGroup;
			children = (
				9B543C01265F309500F5353A /* Va-cay.app */,
			);
			name = Products;
			sourceTree = "<group>";
		};
		9B543C03265F309500F5353A /* Va-cay */ = {
			isa = PBXGroup;
			children = (
				9B57D12E26EA98E6004A15B5 /* Va-cay.entitlements */,
				9B4B68E326D809F400B2D8AE /* Style Guide */,
				9B543C39265F34C800F5353A /* Models */,
				9B543C37265F349300F5353A /* Controllers */,
				9B543C35265F348F00F5353A /* Views */,
				9B543C33265F347D00F5353A /* Helper+Extensions */,
				9B543C30265F345700F5353A /* Resources */,
			);
			path = "Va-cay";
			sourceTree = "<group>";
		};
		9B543C30265F345700F5353A /* Resources */ = {
			isa = PBXGroup;
			children = (
				0DC7B32C26FB962000351CBF /* VacayVideo.mp4 */,
				0D00E88926F2AB6300F7EE2D /* credentials.plist */,
				0D299F2C26CC40C200A5CE31 /* grey.jpeg */,
				0DD51B3526FEAD2300CEC114 /* plane4.json */,
				0DD51B3326FEAD1D00CEC114 /* plane5.json */,
				0DD51B3126FEA92D00CEC114 /* plane2.json */,
				0DD51B2F26FEA7B400CEC114 /* arrow.json */,
				0DD51B2D26FEA7A700CEC114 /* arrow2.json */,
				0DD51B2B26FEA79C00CEC114 /* arrow3.json */,
				0DE5463726E6BDCF006C1904 /* plane1.json */,
				9B9E066626E5E52600B03503 /* plane.json */,
				0D17B45426E2953D003CC29D /* calendar.svg */,
				9B543C04265F309500F5353A /* AppDelegate.swift */,
				9B543C06265F309500F5353A /* SceneDelegate.swift */,
				9B543C0D265F309800F5353A /* Assets.xcassets */,
				9B543C12265F309800F5353A /* Info.plist */,
				9B335CE4265F476800FC202B /* GoogleService-Info.plist */,
				0D00E88726F2A93900F7EE2D /* GoogleClientID.swift */,
			);
			path = Resources;
			sourceTree = "<group>";
		};
		9B543C33265F347D00F5353A /* Helper+Extensions */ = {
			isa = PBXGroup;
			children = (
				9B335CF22660546B00FC202B /* ErrorAlert.swift */,
				9BB7770F266ADB03008D3645 /* DateExtension.swift */,
				9BB77720266C1ECE008D3645 /* Protocols.swift */,
				0D5A963326B215E900CD5707 /* UserError.swift */,
				0DA6676726E88202007E1977 /* QueuePlayerUIView.swift */,
				9B609E2E26F3DE61005748A5 /* KeyboardExtension.swift */,
			);
			path = "Helper+Extensions";
			sourceTree = "<group>";
		};
		9B543C35265F348F00F5353A /* Views */ = {
			isa = PBXGroup;
			children = (
				9B543C3B265F34D500F5353A /* Storyboards */,
				9B543C3A265F34CE00F5353A /* Custom Views */,
			);
			path = Views;
			sourceTree = "<group>";
		};
		9B543C37265F349300F5353A /* Controllers */ = {
			isa = PBXGroup;
			children = (
				9B543C3D265F34ED00F5353A /* Model Controllers */,
				9B543C3C265F34E000F5353A /* View Controllers */,
			);
			path = Controllers;
			sourceTree = "<group>";
		};
		9B543C39265F34C800F5353A /* Models */ = {
			isa = PBXGroup;
			children = (
				9B83332926673108008EB6E9 /* Itinerary.swift */,
				0D5A962F26B2072700CD5707 /* User.swift */,
			);
			path = Models;
			sourceTree = "<group>";
		};
		9B543C3A265F34CE00F5353A /* Custom Views */ = {
			isa = PBXGroup;
			children = (
				0DA23CDC26DD60C6008F0B56 /* sortByTableViewCell.swift */,
				0D299F2E26CC55D500A5CE31 /* CheckListItemTableViewCell.swift */,
				9B4EE8BF266FFA6D007EB937 /* ItineraryTableViewCell.swift */,
				9BEFE51826A79012003DDD1D /* dayActivitiesTableViewCell.swift */,
				0DD51B2926FE831B00CEC114 /* PlaceholderItineraryTableViewCell.swift */,
			);
			path = "Custom Views";
			sourceTree = "<group>";
		};
		9B543C3B265F34D500F5353A /* Storyboards */ = {
			isa = PBXGroup;
			children = (
				9B543C0A265F309500F5353A /* Main.storyboard */,
				9B543C0F265F309800F5353A /* LaunchScreen.storyboard */,
			);
			path = Storyboards;
			sourceTree = "<group>";
		};
		9B543C3C265F34E000F5353A /* View Controllers */ = {
			isa = PBXGroup;
			children = (
				0D5A963526B2284200CD5707 /* AuthVC */,
				9BE03A882672DF4D00D97F76 /* Itinerary */,
				9BE03A72267297F100D97F76 /* Part 1 Questionnaire */,
				9BE03A732672980900D97F76 /* Part 2 Questionnaire */,
				9BE03A742672981100D97F76 /* Part 3 Questionnaire */,
			);
			path = "View Controllers";
			sourceTree = "<group>";
		};
		9B543C3D265F34ED00F5353A /* Model Controllers */ = {
			isa = PBXGroup;
			children = (
				9B335CE9265F493400FC202B /* ItineraryController.swift */,
				0D5A963126B2121900CD5707 /* UserController.swift */,
			);
			path = "Model Controllers";
			sourceTree = "<group>";
		};
		9BE03A72267297F100D97F76 /* Part 1 Questionnaire */ = {
			isa = PBXGroup;
			children = (
				9B335CF526605E4400FC202B /* TripQuestionnairePartOneViewController.swift */,
				9B4EE8AE266F30D4007EB937 /* MapVC */,
				9B4EE8B6266F311A007EB937 /* CalendarVC */,
				9B4EE8BD266F3198007EB937 /* MediaVC */,
			);
			path = "Part 1 Questionnaire";
			sourceTree = "<group>";
		};
		9BE03A732672980900D97F76 /* Part 2 Questionnaire */ = {
			isa = PBXGroup;
			children = (
				9B1C572626648E2200CAAF0B /* TripQuestionnairePartTwoViewController.swift */,
				9B4EE8BB266F3169007EB937 /* CalendarVC */,
				9B4EE8B0266F30E5007EB937 /* MapVC */,
			);
			path = "Part 2 Questionnaire";
			sourceTree = "<group>";
		};
		9BE03A742672981100D97F76 /* Part 3 Questionnaire */ = {
			isa = PBXGroup;
			children = (
				9BE480EE266169800079DDBF /* TripQuestionnairePartThreeViewController.swift */,
				9B4EE8B2266F3107007EB937 /* MapVC */,
			);
			path = "Part 3 Questionnaire";
			sourceTree = "<group>";
		};
		9BE03A882672DF4D00D97F76 /* Itinerary */ = {
			isa = PBXGroup;
			children = (
				9B335CB4265F3EF700FC202B /* UserFeedViewController.swift */,
				9B3247FF267DD85600C16040 /* ItineraryDetailViewController.swift */,
				0D299F2A26CC3EA400A5CE31 /* ChecklistModalViewController.swift */,
				9BE03A892672DF6100D97F76 /* MapVC */,
			);
			path = Itinerary;
			sourceTree = "<group>";
		};
		9BE03A892672DF6100D97F76 /* MapVC */ = {
			isa = PBXGroup;
			children = (
				9BE03A822672DF1E00D97F76 /* ItineraryMapPinsLocationManagerViewController.swift */,
				9BE03A852672DF4000D97F76 /* ItineraryMapPinsLocationSearchTableViewController.swift */,
			);
			path = MapVC;
			sourceTree = "<group>";
		};
/* End PBXGroup section */

/* Begin PBXNativeTarget section */
		9B543C00265F309500F5353A /* Va-cay */ = {
			isa = PBXNativeTarget;
			buildConfigurationList = 9B543C15265F309800F5353A /* Build configuration list for PBXNativeTarget "Va-cay" */;
			buildPhases = (
				BF145F69B06DD717E0B57BEF /* [CP] Check Pods Manifest.lock */,
				9B543BFD265F309500F5353A /* Sources */,
				9B543BFE265F309500F5353A /* Frameworks */,
				9B543BFF265F309500F5353A /* Resources */,
				4DCFB02D52440D3768FF2138 /* [CP] Embed Pods Frameworks */,
				A37434D8718B60C2156A8EB5 /* [CP] Copy Pods Resources */,
			);
			buildRules = (
			);
			dependencies = (
			);
			name = "Va-cay";
			productName = "Va-cay";
			productReference = 9B543C01265F309500F5353A /* Va-cay.app */;
			productType = "com.apple.product-type.application";
		};
/* End PBXNativeTarget section */

/* Begin PBXProject section */
		9B543BF9265F309500F5353A /* Project object */ = {
			isa = PBXProject;
			attributes = {
				LastSwiftUpdateCheck = 1240;
				LastUpgradeCheck = 1240;
				TargetAttributes = {
					9B543C00265F309500F5353A = {
						CreatedOnToolsVersion = 12.4;
					};
				};
			};
			buildConfigurationList = 9B543BFC265F309500F5353A /* Build configuration list for PBXProject "Va-cay" */;
			compatibilityVersion = "Xcode 9.3";
			developmentRegion = en;
			hasScannedForEncodings = 0;
			knownRegions = (
				en,
				Base,
			);
			mainGroup = 9B543BF8265F309500F5353A;
			productRefGroup = 9B543C02265F309500F5353A /* Products */;
			projectDirPath = "";
			projectRoot = "";
			targets = (
				9B543C00265F309500F5353A /* Va-cay */,
			);
		};
/* End PBXProject section */

/* Begin PBXResourcesBuildPhase section */
		9B543BFF265F309500F5353A /* Resources */ = {
			isa = PBXResourcesBuildPhase;
			buildActionMask = 2147483647;
			files = (
				0D299F2D26CC40C200A5CE31 /* grey.jpeg in Resources */,
				0DC7B32D26FB969B00351CBF /* VacayVideo.mp4 in Resources */,
				9B543C11265F309800F5353A /* LaunchScreen.storyboard in Resources */,
				0DD51B2C26FEA79C00CEC114 /* arrow3.json in Resources */,
				0D00E88A26F2AB6300F7EE2D /* credentials.plist in Resources */,
				9B335CE5265F476800FC202B /* GoogleService-Info.plist in Resources */,
				0DD51B3226FEA92D00CEC114 /* plane2.json in Resources */,
				9B543C0E265F309800F5353A /* Assets.xcassets in Resources */,
				0DD51B3026FEA7B400CEC114 /* arrow.json in Resources */,
				9B543C0C265F309500F5353A /* Main.storyboard in Resources */,
				0D17B45526E2953D003CC29D /* calendar.svg in Resources */,
				0DD51B3426FEAD1D00CEC114 /* plane5.json in Resources */,
				0DD51B3626FEAD2300CEC114 /* plane4.json in Resources */,
				0DE5463826E6BDCF006C1904 /* plane1.json in Resources */,
				0DD51B2E26FEA7A700CEC114 /* arrow2.json in Resources */,
				9B9E066726E5E52700B03503 /* plane.json in Resources */,
			);
			runOnlyForDeploymentPostprocessing = 0;
		};
/* End PBXResourcesBuildPhase section */

/* Begin PBXShellScriptBuildPhase section */
		4DCFB02D52440D3768FF2138 /* [CP] Embed Pods Frameworks */ = {
			isa = PBXShellScriptBuildPhase;
			buildActionMask = 2147483647;
			files = (
			);
			inputFileListPaths = (
				"${PODS_ROOT}/Target Support Files/Pods-Va-cay/Pods-Va-cay-frameworks-${CONFIGURATION}-input-files.xcfilelist",
			);
			name = "[CP] Embed Pods Frameworks";
			outputFileListPaths = (
				"${PODS_ROOT}/Target Support Files/Pods-Va-cay/Pods-Va-cay-frameworks-${CONFIGURATION}-output-files.xcfilelist",
			);
			runOnlyForDeploymentPostprocessing = 0;
			shellPath = /bin/sh;
			shellScript = "\"${PODS_ROOT}/Target Support Files/Pods-Va-cay/Pods-Va-cay-frameworks.sh\"\n";
			showEnvVarsInLog = 0;
		};
		A37434D8718B60C2156A8EB5 /* [CP] Copy Pods Resources */ = {
			isa = PBXShellScriptBuildPhase;
			buildActionMask = 2147483647;
			files = (
			);
			inputFileListPaths = (
				"${PODS_ROOT}/Target Support Files/Pods-Va-cay/Pods-Va-cay-resources-${CONFIGURATION}-input-files.xcfilelist",
			);
			name = "[CP] Copy Pods Resources";
			outputFileListPaths = (
				"${PODS_ROOT}/Target Support Files/Pods-Va-cay/Pods-Va-cay-resources-${CONFIGURATION}-output-files.xcfilelist",
			);
			runOnlyForDeploymentPostprocessing = 0;
			shellPath = /bin/sh;
			shellScript = "\"${PODS_ROOT}/Target Support Files/Pods-Va-cay/Pods-Va-cay-resources.sh\"\n";
			showEnvVarsInLog = 0;
		};
		BF145F69B06DD717E0B57BEF /* [CP] Check Pods Manifest.lock */ = {
			isa = PBXShellScriptBuildPhase;
			buildActionMask = 2147483647;
			files = (
			);
			inputFileListPaths = (
			);
			inputPaths = (
				"${PODS_PODFILE_DIR_PATH}/Podfile.lock",
				"${PODS_ROOT}/Manifest.lock",
			);
			name = "[CP] Check Pods Manifest.lock";
			outputFileListPaths = (
			);
			outputPaths = (
				"$(DERIVED_FILE_DIR)/Pods-Va-cay-checkManifestLockResult.txt",
			);
			runOnlyForDeploymentPostprocessing = 0;
			shellPath = /bin/sh;
			shellScript = "diff \"${PODS_PODFILE_DIR_PATH}/Podfile.lock\" \"${PODS_ROOT}/Manifest.lock\" > /dev/null\nif [ $? != 0 ] ; then\n    # print error to STDERR\n    echo \"error: The sandbox is not in sync with the Podfile.lock. Run 'pod install' or update your CocoaPods installation.\" >&2\n    exit 1\nfi\n# This output is used by Xcode 'outputs' to avoid re-running this script phase.\necho \"SUCCESS\" > \"${SCRIPT_OUTPUT_FILE_0}\"\n";
			showEnvVarsInLog = 0;
		};
/* End PBXShellScriptBuildPhase section */

/* Begin PBXSourcesBuildPhase section */
		9B543BFD265F309500F5353A /* Sources */ = {
			isa = PBXSourcesBuildPhase;
			buildActionMask = 2147483647;
			files = (
				9B1C572726648E2200CAAF0B /* TripQuestionnairePartTwoViewController.swift in Sources */,
				0D7D498526B86B34006218D8 /* SettingsViewController.swift in Sources */,
				9BB77710266ADB04008D3645 /* DateExtension.swift in Sources */,
				9BB77721266C1ECE008D3645 /* Protocols.swift in Sources */,
				9BB77709266A92BE008D3645 /* TripCalendarViewController.swift in Sources */,
				9BE03A862672DF4000D97F76 /* ItineraryMapPinsLocationSearchTableViewController.swift in Sources */,
				9B4D9B8926DD696F0055B7CF /* HeaderLabel.swift in Sources */,
				9B83332A26673108008EB6E9 /* Itinerary.swift in Sources */,
				0D5A963226B2121900CD5707 /* UserController.swift in Sources */,
				0D17B45326E28683003CC29D /* BorderedStackView.swift in Sources */,
				9B57D10A26E816F2004A15B5 /* SecondaryButton.swift in Sources */,
				9BB77715266B3A5F008D3645 /* FlightArrivalCalendarViewController.swift in Sources */,
				0D17B44E26E1DC47003CC29D /* CalendarButton.swift in Sources */,
				9B543C72265F35CA00F5353A /* DestinationLocationSearchTableViewController.swift in Sources */,
				0D299F2B26CC3EA400A5CE31 /* ChecklistModalViewController.swift in Sources */,
				0DA6676326E7DAE7007E1977 /* SignInViewController.swift in Sources */,
				9B4D9B8C26DD69A70055B7CF /* AccentView.swift in Sources */,
				9B4D9B8E26DD99DA0055B7CF /* LeftAlignedQuestionnaireLabel.swift in Sources */,
				0DA6676826E88202007E1977 /* QueuePlayerUIView.swift in Sources */,
				9B5BCEA726DB0064007A9647 /* CenterAlignedQuestionnaireLabel.swift in Sources */,
				9B335CEA265F493400FC202B /* ItineraryController.swift in Sources */,
				0DA23CDD26DD60C6008F0B56 /* sortByTableViewCell.swift in Sources */,
				0DA6676126E7DAD6007E1977 /* LandingPageViewController.swift in Sources */,
				9BB77724266DDFE1008D3645 /* HotelAirbnbLocationManagerViewController.swift in Sources */,
				0D60FCC926B34D2500F75732 /* AuthViewModel.swift in Sources */,
				9B4EE8A9266E0CB8007EB937 /* ActivitiesLocationManagerViewController.swift in Sources */,
				9B4EE8C0266FFA6E007EB937 /* ItineraryTableViewCell.swift in Sources */,
				9B609E2F26F3DE61005748A5 /* KeyboardExtension.swift in Sources */,
				9B4EE8A6266E0C9E007EB937 /* ActivitiesLocationSearchTableViewController.swift in Sources */,
				0D00E88826F2A93900F7EE2D /* GoogleClientID.swift in Sources */,
				9B543C6F265F35AD00F5353A /* DestinationLocationManagerViewController.swift in Sources */,
				9B324800267DD85600C16040 /* ItineraryDetailViewController.swift in Sources */,
				9B5BCEAB26DB47F4007A9647 /* PrimaryButton.swift in Sources */,
				0DD51B2A26FE831B00CEC114 /* PlaceholderItineraryTableViewCell.swift in Sources */,
				9B4B68EB26D8456F00B2D8AE /* Styleguide.swift in Sources */,
				9BE480EF266169800079DDBF /* TripQuestionnairePartThreeViewController.swift in Sources */,
				9BEFE51926A79012003DDD1D /* dayActivitiesTableViewCell.swift in Sources */,
				0D17B45026E282C5003CC29D /* BorderlessTextField.swift in Sources */,
				9BB77719266B3A7E008D3645 /* FlightDepartureCalendarViewController.swift in Sources */,
				9B335CED2660193300FC202B /* MediaSelectorViewController.swift in Sources */,
				9B4B68EF26D85F1600B2D8AE /* TextField.swift in Sources */,
				0D5A963026B2072700CD5707 /* User.swift in Sources */,
				9B543C05265F309500F5353A /* AppDelegate.swift in Sources */,
				0D5A963426B215E900CD5707 /* UserError.swift in Sources */,
				0D299F2F26CC55D500A5CE31 /* CheckListItemTableViewCell.swift in Sources */,
				0DA6676526E7DAFE007E1977 /* RegisterViewController.swift in Sources */,
				9B335CF32660546C00FC202B /* ErrorAlert.swift in Sources */,
				9B543C07265F309500F5353A /* SceneDelegate.swift in Sources */,
				0DC34EBD26DD885900F65AE1 /* MapPinButton.swift in Sources */,
				9BB77727266DE8C4008D3645 /* HotelAirbnbLocationSearchTableViewController.swift in Sources */,
				9B335CB5265F3EF700FC202B /* UserFeedViewController.swift in Sources */,
				9B335CF626605E4400FC202B /* TripQuestionnairePartOneViewController.swift in Sources */,
				9BE03A832672DF1E00D97F76 /* ItineraryMapPinsLocationManagerViewController.swift in Sources */,
				0D5A963726B2287000CD5707 /* AuthViewController.swift in Sources */,
			);
			runOnlyForDeploymentPostprocessing = 0;
		};
/* End PBXSourcesBuildPhase section */

/* Begin PBXVariantGroup section */
		9B543C0A265F309500F5353A /* Main.storyboard */ = {
			isa = PBXVariantGroup;
			children = (
				9B543C0B265F309500F5353A /* Base */,
			);
			name = Main.storyboard;
			sourceTree = "<group>";
		};
		9B543C0F265F309800F5353A /* LaunchScreen.storyboard */ = {
			isa = PBXVariantGroup;
			children = (
				9B543C10265F309800F5353A /* Base */,
			);
			name = LaunchScreen.storyboard;
			sourceTree = "<group>";
		};
/* End PBXVariantGroup section */

/* Begin XCBuildConfiguration section */
		9B543C13265F309800F5353A /* Debug */ = {
			isa = XCBuildConfiguration;
			buildSettings = {
				ALWAYS_SEARCH_USER_PATHS = NO;
				CLANG_ANALYZER_NONNULL = YES;
				CLANG_ANALYZER_NUMBER_OBJECT_CONVERSION = YES_AGGRESSIVE;
				CLANG_CXX_LANGUAGE_STANDARD = "gnu++14";
				CLANG_CXX_LIBRARY = "libc++";
				CLANG_ENABLE_MODULES = YES;
				CLANG_ENABLE_OBJC_ARC = YES;
				CLANG_ENABLE_OBJC_WEAK = YES;
				CLANG_WARN_BLOCK_CAPTURE_AUTORELEASING = YES;
				CLANG_WARN_BOOL_CONVERSION = YES;
				CLANG_WARN_COMMA = YES;
				CLANG_WARN_CONSTANT_CONVERSION = YES;
				CLANG_WARN_DEPRECATED_OBJC_IMPLEMENTATIONS = YES;
				CLANG_WARN_DIRECT_OBJC_ISA_USAGE = YES_ERROR;
				CLANG_WARN_DOCUMENTATION_COMMENTS = YES;
				CLANG_WARN_EMPTY_BODY = YES;
				CLANG_WARN_ENUM_CONVERSION = YES;
				CLANG_WARN_INFINITE_RECURSION = YES;
				CLANG_WARN_INT_CONVERSION = YES;
				CLANG_WARN_NON_LITERAL_NULL_CONVERSION = YES;
				CLANG_WARN_OBJC_IMPLICIT_RETAIN_SELF = YES;
				CLANG_WARN_OBJC_LITERAL_CONVERSION = YES;
				CLANG_WARN_OBJC_ROOT_CLASS = YES_ERROR;
				CLANG_WARN_QUOTED_INCLUDE_IN_FRAMEWORK_HEADER = YES;
				CLANG_WARN_RANGE_LOOP_ANALYSIS = YES;
				CLANG_WARN_STRICT_PROTOTYPES = YES;
				CLANG_WARN_SUSPICIOUS_MOVE = YES;
				CLANG_WARN_UNGUARDED_AVAILABILITY = YES_AGGRESSIVE;
				CLANG_WARN_UNREACHABLE_CODE = YES;
				CLANG_WARN__DUPLICATE_METHOD_MATCH = YES;
				COPY_PHASE_STRIP = NO;
				DEBUG_INFORMATION_FORMAT = dwarf;
				ENABLE_STRICT_OBJC_MSGSEND = YES;
				ENABLE_TESTABILITY = YES;
				GCC_C_LANGUAGE_STANDARD = gnu11;
				GCC_DYNAMIC_NO_PIC = NO;
				GCC_NO_COMMON_BLOCKS = YES;
				GCC_OPTIMIZATION_LEVEL = 0;
				GCC_PREPROCESSOR_DEFINITIONS = (
					"DEBUG=1",
					"$(inherited)",
				);
				GCC_WARN_64_TO_32_BIT_CONVERSION = YES;
				GCC_WARN_ABOUT_RETURN_TYPE = YES_ERROR;
				GCC_WARN_UNDECLARED_SELECTOR = YES;
				GCC_WARN_UNINITIALIZED_AUTOS = YES_AGGRESSIVE;
				GCC_WARN_UNUSED_FUNCTION = YES;
				GCC_WARN_UNUSED_VARIABLE = YES;
				IPHONEOS_DEPLOYMENT_TARGET = 14.4;
				MTL_ENABLE_DEBUG_INFO = INCLUDE_SOURCE;
				MTL_FAST_MATH = YES;
				ONLY_ACTIVE_ARCH = YES;
				SDKROOT = iphoneos;
				SWIFT_ACTIVE_COMPILATION_CONDITIONS = DEBUG;
				SWIFT_OPTIMIZATION_LEVEL = "-Onone";
			};
			name = Debug;
		};
		9B543C14265F309800F5353A /* Release */ = {
			isa = XCBuildConfiguration;
			buildSettings = {
				ALWAYS_SEARCH_USER_PATHS = NO;
				CLANG_ANALYZER_NONNULL = YES;
				CLANG_ANALYZER_NUMBER_OBJECT_CONVERSION = YES_AGGRESSIVE;
				CLANG_CXX_LANGUAGE_STANDARD = "gnu++14";
				CLANG_CXX_LIBRARY = "libc++";
				CLANG_ENABLE_MODULES = YES;
				CLANG_ENABLE_OBJC_ARC = YES;
				CLANG_ENABLE_OBJC_WEAK = YES;
				CLANG_WARN_BLOCK_CAPTURE_AUTORELEASING = YES;
				CLANG_WARN_BOOL_CONVERSION = YES;
				CLANG_WARN_COMMA = YES;
				CLANG_WARN_CONSTANT_CONVERSION = YES;
				CLANG_WARN_DEPRECATED_OBJC_IMPLEMENTATIONS = YES;
				CLANG_WARN_DIRECT_OBJC_ISA_USAGE = YES_ERROR;
				CLANG_WARN_DOCUMENTATION_COMMENTS = YES;
				CLANG_WARN_EMPTY_BODY = YES;
				CLANG_WARN_ENUM_CONVERSION = YES;
				CLANG_WARN_INFINITE_RECURSION = YES;
				CLANG_WARN_INT_CONVERSION = YES;
				CLANG_WARN_NON_LITERAL_NULL_CONVERSION = YES;
				CLANG_WARN_OBJC_IMPLICIT_RETAIN_SELF = YES;
				CLANG_WARN_OBJC_LITERAL_CONVERSION = YES;
				CLANG_WARN_OBJC_ROOT_CLASS = YES_ERROR;
				CLANG_WARN_QUOTED_INCLUDE_IN_FRAMEWORK_HEADER = YES;
				CLANG_WARN_RANGE_LOOP_ANALYSIS = YES;
				CLANG_WARN_STRICT_PROTOTYPES = YES;
				CLANG_WARN_SUSPICIOUS_MOVE = YES;
				CLANG_WARN_UNGUARDED_AVAILABILITY = YES_AGGRESSIVE;
				CLANG_WARN_UNREACHABLE_CODE = YES;
				CLANG_WARN__DUPLICATE_METHOD_MATCH = YES;
				COPY_PHASE_STRIP = NO;
				DEBUG_INFORMATION_FORMAT = "dwarf-with-dsym";
				ENABLE_NS_ASSERTIONS = NO;
				ENABLE_STRICT_OBJC_MSGSEND = YES;
				GCC_C_LANGUAGE_STANDARD = gnu11;
				GCC_NO_COMMON_BLOCKS = YES;
				GCC_WARN_64_TO_32_BIT_CONVERSION = YES;
				GCC_WARN_ABOUT_RETURN_TYPE = YES_ERROR;
				GCC_WARN_UNDECLARED_SELECTOR = YES;
				GCC_WARN_UNINITIALIZED_AUTOS = YES_AGGRESSIVE;
				GCC_WARN_UNUSED_FUNCTION = YES;
				GCC_WARN_UNUSED_VARIABLE = YES;
				IPHONEOS_DEPLOYMENT_TARGET = 14.4;
				MTL_ENABLE_DEBUG_INFO = NO;
				MTL_FAST_MATH = YES;
				SDKROOT = iphoneos;
				SWIFT_COMPILATION_MODE = wholemodule;
				SWIFT_OPTIMIZATION_LEVEL = "-O";
				VALIDATE_PRODUCT = YES;
			};
			name = Release;
		};
		9B543C16265F309800F5353A /* Debug */ = {
			isa = XCBuildConfiguration;
			baseConfigurationReference = 6069CC11B0A1A056484520BE /* Pods-Va-cay.debug.xcconfig */;
			buildSettings = {
				ASSETCATALOG_COMPILER_APPICON_NAME = AppIcon;
				ASSETCATALOG_COMPILER_GLOBAL_ACCENT_COLOR_NAME = AccentColor;
				CODE_SIGN_ENTITLEMENTS = "Va-cay/Va-cay.entitlements";
				CODE_SIGN_STYLE = Automatic;
				DEVELOPMENT_TEAM = FZ45TYMJ82;
				INFOPLIST_FILE = "Va-cay/Resources/Info.plist";
				LD_RUNPATH_SEARCH_PATHS = (
					"$(inherited)",
					"@executable_path/Frameworks",
				);
				PRODUCT_BUNDLE_IDENTIFIER = "com.jennyrm.Va-cay";
				PRODUCT_NAME = "$(TARGET_NAME)";
				SWIFT_VERSION = 5.0;
				TARGETED_DEVICE_FAMILY = "1,2";
			};
			name = Debug;
		};
		9B543C17265F309800F5353A /* Release */ = {
			isa = XCBuildConfiguration;
			baseConfigurationReference = 3C09D0DA00AB72E7B7BE8816 /* Pods-Va-cay.release.xcconfig */;
			buildSettings = {
				ASSETCATALOG_COMPILER_APPICON_NAME = AppIcon;
				ASSETCATALOG_COMPILER_GLOBAL_ACCENT_COLOR_NAME = AccentColor;
				CODE_SIGN_ENTITLEMENTS = "Va-cay/Va-cay.entitlements";
				CODE_SIGN_STYLE = Automatic;
				DEVELOPMENT_TEAM = FZ45TYMJ82;
				INFOPLIST_FILE = "Va-cay/Resources/Info.plist";
				LD_RUNPATH_SEARCH_PATHS = (
					"$(inherited)",
					"@executable_path/Frameworks",
				);
				PRODUCT_BUNDLE_IDENTIFIER = "com.jennyrm.Va-cay";
				PRODUCT_NAME = "$(TARGET_NAME)";
				SWIFT_VERSION = 5.0;
				TARGETED_DEVICE_FAMILY = "1,2";
			};
			name = Release;
		};
/* End XCBuildConfiguration section */

/* Begin XCConfigurationList section */
		9B543BFC265F309500F5353A /* Build configuration list for PBXProject "Va-cay" */ = {
			isa = XCConfigurationList;
			buildConfigurations = (
				9B543C13265F309800F5353A /* Debug */,
				9B543C14265F309800F5353A /* Release */,
			);
			defaultConfigurationIsVisible = 0;
			defaultConfigurationName = Release;
		};
		9B543C15265F309800F5353A /* Build configuration list for PBXNativeTarget "Va-cay" */ = {
			isa = XCConfigurationList;
			buildConfigurations = (
				9B543C16265F309800F5353A /* Debug */,
				9B543C17265F309800F5353A /* Release */,
			);
			defaultConfigurationIsVisible = 0;
			defaultConfigurationName = Release;
		};
/* End XCConfigurationList section */
	};
	rootObject = 9B543BF9265F309500F5353A /* Project object */;
}
